
Microsoft Visual Studio Solution File, Format Version 12.00
# Visual Studio Version 16
VisualStudioVersion = 16.0.808.6
MinimumVisualStudioVersion = 10.0.40219.1
Project("{FAE04EC0-301F-11D3-BF4B-00C04F79EFBC}") = "LowlySalesman", "LowlySalesman\LowlySalesman.csproj", "{185B7DB8-0B26-4D4D-8FA1-6F2A9A6994ED}"
EndProject
Global
	GlobalSection(SolutionConfigurationPlatforms) = preSolution
		Debug|Any CPU = Debug|Any CPU
		Release|Any CPU = Release|Any CPU
	EndGlobalSection
	GlobalSection(ProjectConfigurationPlatforms) = postSolution
		{185B7DB8-0B26-4D4D-8FA1-6F2A9A6994ED}.Debug|Any CPU.ActiveCfg = Debug|Any CPU
		{185B7DB8-0B26-4D4D-8FA1-6F2A9A6994ED}.Debug|Any CPU.Build.0 = Debug|Any CPU
		{185B7DB8-0B26-4D4D-8FA1-6F2A9A6994ED}.Release|Any CPU.ActiveCfg = Release|Any CPU
		{185B7DB8-0B26-4D4D-8FA1-6F2A9A6994ED}.Release|Any CPU.Build.0 = Release|Any CPU
	EndGlobalSection
	GlobalSection(SolutionProperties) = preSolution
		HideSolutionNode = FALSE
	EndGlobalSection
	GlobalSection(ExtensibilityGlobals) = postSolution
		SolutionGuid = {379D3E5A-AA4F-4C8F-9F03-E2AEDDE55B51}
	EndGlobalSection
EndGlobal
